
Microsoft Visual Studio Solution File, Format Version 12.00
# Visual Studio Version 16
VisualStudioVersion = 16.0.31515.178
MinimumVisualStudioVersion = 10.0.40219.1
Project("{FAE04EC0-301F-11D3-BF4B-00C04F79EFBC}") = "TooMuchToDoXamarinApp.Android", "TooMuchToDoXamarinApp\TooMuchToDoXamarinApp.Android\TooMuchToDoXamarinApp.Android.csproj", "{99B7DB4B-BD5B-4BE8-86E4-0A7395FFE365}"
EndProject
Project("{FAE04EC0-301F-11D3-BF4B-00C04F79EFBC}") = "TooMuchToDoXamarinApp.iOS", "TooMuchToDoXamarinApp\TooMuchToDoXamarinApp.iOS\TooMuchToDoXamarinApp.iOS.csproj", "{8511403E-F573-4C07-A7EC-67230D8CC533}"
EndProject
Project("{FAE04EC0-301F-11D3-BF4B-00C04F79EFBC}") = "TooMuchToDoXamarinApp", "TooMuchToDoXamarinApp\TooMuchToDoXamarinApp\TooMuchToDoXamarinApp.csproj", "{093ADA48-D7A2-42C3-9373-A8E5217A91A8}"
EndProject
Global
	GlobalSection(SolutionConfigurationPlatforms) = preSolution
		Debug|Any CPU = Debug|Any CPU
		Debug|iPhone = Debug|iPhone
		Debug|iPhoneSimulator = Debug|iPhoneSimulator
		Release|Any CPU = Release|Any CPU
		Release|iPhone = Release|iPhone
		Release|iPhoneSimulator = Release|iPhoneSimulator
	EndGlobalSection
	GlobalSection(ProjectConfigurationPlatforms) = postSolution
		{99B7DB4B-BD5B-4BE8-86E4-0A7395FFE365}.Debug|Any CPU.ActiveCfg = Debug|Any CPU
		{99B7DB4B-BD5B-4BE8-86E4-0A7395FFE365}.Debug|Any CPU.Build.0 = Debug|Any CPU
		{99B7DB4B-BD5B-4BE8-86E4-0A7395FFE365}.Debug|Any CPU.Deploy.0 = Debug|Any CPU
		{99B7DB4B-BD5B-4BE8-86E4-0A7395FFE365}.Debug|iPhone.ActiveCfg = Debug|Any CPU
		{99B7DB4B-BD5B-4BE8-86E4-0A7395FFE365}.Debug|iPhone.Build.0 = Debug|Any CPU
		{99B7DB4B-BD5B-4BE8-86E4-0A7395FFE365}.Debug|iPhone.Deploy.0 = Debug|Any CPU
		{99B7DB4B-BD5B-4BE8-86E4-0A7395FFE365}.Debug|iPhoneSimulator.ActiveCfg = Debug|Any CPU
		{99B7DB4B-BD5B-4BE8-86E4-0A7395FFE365}.Debug|iPhoneSimulator.Build.0 = Debug|Any CPU
		{99B7DB4B-BD5B-4BE8-86E4-0A7395FFE365}.Debug|iPhoneSimulator.Deploy.0 = Debug|Any CPU
		{99B7DB4B-BD5B-4BE8-86E4-0A7395FFE365}.Release|Any CPU.ActiveCfg = Release|Any CPU
		{99B7DB4B-BD5B-4BE8-86E4-0A7395FFE365}.Release|Any CPU.Build.0 = Release|Any CPU
		{99B7DB4B-BD5B-4BE8-86E4-0A7395FFE365}.Release|Any CPU.Deploy.0 = Release|Any CPU
		{99B7DB4B-BD5B-4BE8-86E4-0A7395FFE365}.Release|iPhone.ActiveCfg = Release|Any CPU
		{99B7DB4B-BD5B-4BE8-86E4-0A7395FFE365}.Release|iPhone.Build.0 = Release|Any CPU
		{99B7DB4B-BD5B-4BE8-86E4-0A7395FFE365}.Release|iPhone.Deploy.0 = Release|Any CPU
		{99B7DB4B-BD5B-4BE8-86E4-0A7395FFE365}.Release|iPhoneSimulator.ActiveCfg = Release|Any CPU
		{99B7DB4B-BD5B-4BE8-86E4-0A7395FFE365}.Release|iPhoneSimulator.Build.0 = Release|Any CPU
		{99B7DB4B-BD5B-4BE8-86E4-0A7395FFE365}.Release|iPhoneSimulator.Deploy.0 = Release|Any CPU
		{8511403E-F573-4C07-A7EC-67230D8CC533}.Debug|Any CPU.ActiveCfg = Debug|iPhone
		{8511403E-F573-4C07-A7EC-67230D8CC533}.Debug|Any CPU.Build.0 = Debug|iPhone
		{8511403E-F573-4C07-A7EC-67230D8CC533}.Debug|Any CPU.Deploy.0 = Debug|iPhone
		{8511403E-F573-4C07-A7EC-67230D8CC533}.Debug|iPhone.ActiveCfg = Debug|iPhone
		{8511403E-F573-4C07-A7EC-67230D8CC533}.Debug|iPhone.Build.0 = Debug|iPhone
		{8511403E-F573-4C07-A7EC-67230D8CC533}.Debug|iPhone.Deploy.0 = Debug|iPhone
		{8511403E-F573-4C07-A7EC-67230D8CC533}.Debug|iPhoneSimulator.ActiveCfg = Debug|iPhoneSimulator
		{8511403E-F573-4C07-A7EC-67230D8CC533}.Debug|iPhoneSimulator.Build.0 = Debug|iPhoneSimulator
		{8511403E-F573-4C07-A7EC-67230D8CC533}.Debug|iPhoneSimulator.Deploy.0 = Debug|iPhoneSimulator
		{8511403E-F573-4C07-A7EC-67230D8CC533}.Release|Any CPU.ActiveCfg = Release|iPhoneSimulator
		{8511403E-F573-4C07-A7EC-67230D8CC533}.Release|Any CPU.Build.0 = Release|iPhoneSimulator
		{8511403E-F573-4C07-A7EC-67230D8CC533}.Release|Any CPU.Deploy.0 = Release|iPhoneSimulator
		{8511403E-F573-4C07-A7EC-67230D8CC533}.Release|iPhone.ActiveCfg = Release|iPhone
		{8511403E-F573-4C07-A7EC-67230D8CC533}.Release|iPhone.Build.0 = Release|iPhone
		{8511403E-F573-4C07-A7EC-67230D8CC533}.Release|iPhone.Deploy.0 = Release|iPhone
		{8511403E-F573-4C07-A7EC-67230D8CC533}.Release|iPhoneSimulator.ActiveCfg = Release|iPhoneSimulator
		{8511403E-F573-4C07-A7EC-67230D8CC533}.Release|iPhoneSimulator.Build.0 = Release|iPhoneSimulator
		{8511403E-F573-4C07-A7EC-67230D8CC533}.Release|iPhoneSimulator.Deploy.0 = Release|iPhoneSimulator
		{093ADA48-D7A2-42C3-9373-A8E5217A91A8}.Debug|Any CPU.ActiveCfg = Debug|Any CPU
		{093ADA48-D7A2-42C3-9373-A8E5217A91A8}.Debug|Any CPU.Build.0 = Debug|Any CPU
		{093ADA48-D7A2-42C3-9373-A8E5217A91A8}.Debug|Any CPU.Deploy.0 = Debug|Any CPU
		{093ADA48-D7A2-42C3-9373-A8E5217A91A8}.Debug|iPhone.ActiveCfg = Debug|Any CPU
		{093ADA48-D7A2-42C3-9373-A8E5217A91A8}.Debug|iPhone.Build.0 = Debug|Any CPU
		{093ADA48-D7A2-42C3-9373-A8E5217A91A8}.Debug|iPhone.Deploy.0 = Debug|Any CPU
		{093ADA48-D7A2-42C3-9373-A8E5217A91A8}.Debug|iPhoneSimulator.ActiveCfg = Debug|Any CPU
		{093ADA48-D7A2-42C3-9373-A8E5217A91A8}.Debug|iPhoneSimulator.Build.0 = Debug|Any CPU
		{093ADA48-D7A2-42C3-9373-A8E5217A91A8}.Debug|iPhoneSimulator.Deploy.0 = Debug|Any CPU
		{093ADA48-D7A2-42C3-9373-A8E5217A91A8}.Release|Any CPU.ActiveCfg = Release|Any CPU
		{093ADA48-D7A2-42C3-9373-A8E5217A91A8}.Release|Any CPU.Build.0 = Release|Any CPU
		{093ADA48-D7A2-42C3-9373-A8E5217A91A8}.Release|Any CPU.Deploy.0 = Release|Any CPU
		{093ADA48-D7A2-42C3-9373-A8E5217A91A8}.Release|iPhone.ActiveCfg = Release|Any CPU
		{093ADA48-D7A2-42C3-9373-A8E5217A91A8}.Release|iPhone.Build.0 = Release|Any CPU
		{093ADA48-D7A2-42C3-9373-A8E5217A91A8}.Release|iPhone.Deploy.0 = Release|Any CPU
		{093ADA48-D7A2-42C3-9373-A8E5217A91A8}.Release|iPhoneSimulator.ActiveCfg = Release|Any CPU
		{093ADA48-D7A2-42C3-9373-A8E5217A91A8}.Release|iPhoneSimulator.Build.0 = Release|Any CPU
		{093ADA48-D7A2-42C3-9373-A8E5217A91A8}.Release|iPhoneSimulator.Deploy.0 = Release|Any CPU
	EndGlobalSection
	GlobalSection(SolutionProperties) = preSolution
		HideSolutionNode = FALSE
	EndGlobalSection
	GlobalSection(ExtensibilityGlobals) = postSolution
		SolutionGuid = {1432CE43-BD69-48BA-960E-4EF797E0724D}
	EndGlobalSection
EndGlobal
